// !$*UTF8*$!
{
	archiveVersion = 1;
	classes = {
	};
	objectVersion = 46;
	objects = {

/* Begin PBXBuildFile section */
		244BD9B51E72404A00AA3ACD /* LXImageContent.m in Sources */ = {isa = PBXBuildFile; fileRef = 244BD9B01E72404A00AA3ACD /* LXImageContent.m */; };
		244BD9B61E72404A00AA3ACD /* LXNormalContent.m in Sources */ = {isa = PBXBuildFile; fileRef = 244BD9B21E72404A00AA3ACD /* LXNormalContent.m */; };
		244BD9B71E72404A00AA3ACD /* LXTextContent.m in Sources */ = {isa = PBXBuildFile; fileRef = 244BD9B41E72404A00AA3ACD /* LXTextContent.m */; };
		244BD9BD1E726F9400AA3ACD /* LXLinkContent.m in Sources */ = {isa = PBXBuildFile; fileRef = 244BD9BC1E726F9400AA3ACD /* LXLinkContent.m */; };
		244D88DC1EB1838400EF692F /* MKAnnotationView+WebCache.m in Sources */ = {isa = PBXBuildFile; fileRef = 244D88BC1EB1838400EF692F /* MKAnnotationView+WebCache.m */; };
		244D88DD1EB1838400EF692F /* NSData+ImageContentType.m in Sources */ = {isa = PBXBuildFile; fileRef = 244D88BE1EB1838400EF692F /* NSData+ImageContentType.m */; };
		244D88DE1EB1838400EF692F /* SDImageCache.m in Sources */ = {isa = PBXBuildFile; fileRef = 244D88C01EB1838400EF692F /* SDImageCache.m */; };
		244D88DF1EB1838400EF692F /* SDWebImageCompat.m in Sources */ = {isa = PBXBuildFile; fileRef = 244D88C21EB1838400EF692F /* SDWebImageCompat.m */; };
		244D88E01EB1838400EF692F /* SDWebImageDecoder.m in Sources */ = {isa = PBXBuildFile; fileRef = 244D88C41EB1838400EF692F /* SDWebImageDecoder.m */; };
		244D88E11EB1838400EF692F /* SDWebImageDownloader.m in Sources */ = {isa = PBXBuildFile; fileRef = 244D88C61EB1838400EF692F /* SDWebImageDownloader.m */; };
		244D88E21EB1838400EF692F /* SDWebImageDownloaderOperation.m in Sources */ = {isa = PBXBuildFile; fileRef = 244D88C81EB1838400EF692F /* SDWebImageDownloaderOperation.m */; };
		244D88E31EB1838400EF692F /* SDWebImageManager.m in Sources */ = {isa = PBXBuildFile; fileRef = 244D88CA1EB1838400EF692F /* SDWebImageManager.m */; };
		244D88E41EB1838400EF692F /* SDWebImagePrefetcher.m in Sources */ = {isa = PBXBuildFile; fileRef = 244D88CD1EB1838400EF692F /* SDWebImagePrefetcher.m */; };
		244D88E51EB1838400EF692F /* UIButton+WebCache.m in Sources */ = {isa = PBXBuildFile; fileRef = 244D88CF1EB1838400EF692F /* UIButton+WebCache.m */; };
		244D88E61EB1838400EF692F /* UIImage+GIF.m in Sources */ = {isa = PBXBuildFile; fileRef = 244D88D11EB1838400EF692F /* UIImage+GIF.m */; };
		244D88E71EB1838400EF692F /* UIImage+MultiFormat.m in Sources */ = {isa = PBXBuildFile; fileRef = 244D88D31EB1838400EF692F /* UIImage+MultiFormat.m */; };
		244D88E81EB1838400EF692F /* UIImage+WebP.m in Sources */ = {isa = PBXBuildFile; fileRef = 244D88D51EB1838400EF692F /* UIImage+WebP.m */; };
		244D88E91EB1838400EF692F /* UIImageView+HighlightedWebCache.m in Sources */ = {isa = PBXBuildFile; fileRef = 244D88D71EB1838400EF692F /* UIImageView+HighlightedWebCache.m */; };
		244D88EA1EB1838400EF692F /* UIImageView+WebCache.m in Sources */ = {isa = PBXBuildFile; fileRef = 244D88D91EB1838400EF692F /* UIImageView+WebCache.m */; };
		244D88EB1EB1838400EF692F /* UIView+WebCacheOperation.m in Sources */ = {isa = PBXBuildFile; fileRef = 244D88DB1EB1838400EF692F /* UIView+WebCacheOperation.m */; };
		244D88F91EB1C42A00EF692F /* 1.mp4 in Resources */ = {isa = PBXBuildFile; fileRef = 244D88F81EB1C3B200EF692F /* 1.mp4 */; };
		245BCADC1E6FA1C500D23B28 /* main.m in Sources */ = {isa = PBXBuildFile; fileRef = 245BCADB1E6FA1C500D23B28 /* main.m */; };
		245BCADF1E6FA1C500D23B28 /* AppDelegate.m in Sources */ = {isa = PBXBuildFile; fileRef = 245BCADE1E6FA1C500D23B28 /* AppDelegate.m */; };
		245BCAE21E6FA1C500D23B28 /* ViewController.m in Sources */ = {isa = PBXBuildFile; fileRef = 245BCAE11E6FA1C500D23B28 /* ViewController.m */; };
		245BCAE51E6FA1C500D23B28 /* Main.storyboard in Resources */ = {isa = PBXBuildFile; fileRef = 245BCAE31E6FA1C500D23B28 /* Main.storyboard */; };
		245BCAE71E6FA1C500D23B28 /* Assets.xcassets in Resources */ = {isa = PBXBuildFile; fileRef = 245BCAE61E6FA1C500D23B28 /* Assets.xcassets */; };
		245BCAEA1E6FA1C500D23B28 /* LaunchScreen.storyboard in Resources */ = {isa = PBXBuildFile; fileRef = 245BCAE81E6FA1C500D23B28 /* LaunchScreen.storyboard */; };
		245BCAF51E6FA1C500D23B28 /* LXCoretextLeanTests.m in Sources */ = {isa = PBXBuildFile; fileRef = 245BCAF41E6FA1C500D23B28 /* LXCoretextLeanTests.m */; };
		245BCB001E6FA1C500D23B28 /* LXCoretextLeanUITests.m in Sources */ = {isa = PBXBuildFile; fileRef = 245BCAFF1E6FA1C500D23B28 /* LXCoretextLeanUITests.m */; };
		245F66C31ECED1430008EE53 /* UIImage+Tool.m in Sources */ = {isa = PBXBuildFile; fileRef = 245F66C21ECED1430008EE53 /* UIImage+Tool.m */; };
		246362391F1764AA00ED146E /* LXImageMode.m in Sources */ = {isa = PBXBuildFile; fileRef = 246362211F1764AA00ED146E /* LXImageMode.m */; };
		2463623A1F1764AA00ED146E /* LXLayout.m in Sources */ = {isa = PBXBuildFile; fileRef = 246362231F1764AA00ED146E /* LXLayout.m */; };
		2463623B1F1764AA00ED146E /* LXLabel.m in Sources */ = {isa = PBXBuildFile; fileRef = 246362261F1764AA00ED146E /* LXLabel.m */; };
		2463623C1F1764AA00ED146E /* LXShowImageView.m in Sources */ = {isa = PBXBuildFile; fileRef = 246362291F1764AA00ED146E /* LXShowImageView.m */; };
		2463623D1F1764AA00ED146E /* LXAnimationTransition.m in Sources */ = {isa = PBXBuildFile; fileRef = 2463622C1F1764AA00ED146E /* LXAnimationTransition.m */; };
		2463623E1F1764AA00ED146E /* LXPresentationController.m in Sources */ = {isa = PBXBuildFile; fileRef = 2463622E1F1764AA00ED146E /* LXPresentationController.m */; };
		2463623F1F1764AA00ED146E /* LXShowPictureController.m in Sources */ = {isa = PBXBuildFile; fileRef = 246362301F1764AA00ED146E /* LXShowPictureController.m */; };
		246362401F1764AA00ED146E /* LXTransition.m in Sources */ = {isa = PBXBuildFile; fileRef = 246362321F1764AA00ED146E /* LXTransition.m */; };
		246362411F1764AA00ED146E /* UIView+Extension.m in Sources */ = {isa = PBXBuildFile; fileRef = 246362341F1764AA00ED146E /* UIView+Extension.m */; };
		246362421F1764AA00ED146E /* LXShowPictureCell.m in Sources */ = {isa = PBXBuildFile; fileRef = 246362371F1764AA00ED146E /* LXShowPictureCell.m */; };
		246362431F1764AA00ED146E /* LXShowPictureCell.xib in Resources */ = {isa = PBXBuildFile; fileRef = 246362381F1764AA00ED146E /* LXShowPictureCell.xib */; };
		246428431E8A0994006F5954 /* data.json in Resources */ = {isa = PBXBuildFile; fileRef = 246428421E8A0994006F5954 /* data.json */; };
		246428461E8A0B28006F5954 /* LXShowModel.m in Sources */ = {isa = PBXBuildFile; fileRef = 246428451E8A0B28006F5954 /* LXShowModel.m */; };
		246820311E8CD4FB004088B4 /* LXViewModel.m in Sources */ = {isa = PBXBuildFile; fileRef = 246820301E8CD4FB004088B4 /* LXViewModel.m */; };
		246820341E8CD69E004088B4 /* NSString+LXCalculateSize.m in Sources */ = {isa = PBXBuildFile; fileRef = 246820331E8CD69E004088B4 /* NSString+LXCalculateSize.m */; };
		246820371E8CE72E004088B4 /* LXShowTableViewCell.m in Sources */ = {isa = PBXBuildFile; fileRef = 246820361E8CE72E004088B4 /* LXShowTableViewCell.m */; };
		246820521E8CEC04004088B4 /* MJExtensionConst.m in Sources */ = {isa = PBXBuildFile; fileRef = 2468203C1E8CEC04004088B4 /* MJExtensionConst.m */; };
		246820531E8CEC04004088B4 /* MJFoundation.m in Sources */ = {isa = PBXBuildFile; fileRef = 2468203E1E8CEC04004088B4 /* MJFoundation.m */; };
		246820541E8CEC04004088B4 /* MJProperty.m in Sources */ = {isa = PBXBuildFile; fileRef = 246820401E8CEC04004088B4 /* MJProperty.m */; };
		246820551E8CEC04004088B4 /* MJPropertyKey.m in Sources */ = {isa = PBXBuildFile; fileRef = 246820421E8CEC04004088B4 /* MJPropertyKey.m */; };
		246820561E8CEC04004088B4 /* MJPropertyType.m in Sources */ = {isa = PBXBuildFile; fileRef = 246820441E8CEC04004088B4 /* MJPropertyType.m */; };
		246820571E8CEC04004088B4 /* NSObject+MJClass.m in Sources */ = {isa = PBXBuildFile; fileRef = 246820461E8CEC04004088B4 /* NSObject+MJClass.m */; };
		246820581E8CEC04004088B4 /* NSObject+MJCoding.m in Sources */ = {isa = PBXBuildFile; fileRef = 246820481E8CEC04004088B4 /* NSObject+MJCoding.m */; };
		246820591E8CEC04004088B4 /* NSObject+MJKeyValue.m in Sources */ = {isa = PBXBuildFile; fileRef = 2468204A1E8CEC04004088B4 /* NSObject+MJKeyValue.m */; };
		2468205A1E8CEC04004088B4 /* NSObject+MJProperty.m in Sources */ = {isa = PBXBuildFile; fileRef = 2468204C1E8CEC04004088B4 /* NSObject+MJProperty.m */; };
		2468205B1E8CEC04004088B4 /* NSString+MJExtension.m in Sources */ = {isa = PBXBuildFile; fileRef = 2468204E1E8CEC04004088B4 /* NSString+MJExtension.m */; };
		2468205C1E8CEC04004088B4 /* RegexKitLite.m in Sources */ = {isa = PBXBuildFile; fileRef = 246820511E8CEC04004088B4 /* RegexKitLite.m */; settings = {COMPILER_FLAGS = "-fno-objc-arc"; }; };
		246820631E8CF5A0004088B4 /* libicucore.tbd in Frameworks */ = {isa = PBXBuildFile; fileRef = 246820621E8CF5A0004088B4 /* libicucore.tbd */; };
		246820661E8CFC61004088B4 /* LXAtContent.m in Sources */ = {isa = PBXBuildFile; fileRef = 246820651E8CFC61004088B4 /* LXAtContent.m */; };
		246FB1401E7783F700135B2A /* UIView+LXExtension.m in Sources */ = {isa = PBXBuildFile; fileRef = 246FB13F1E7783F700135B2A /* UIView+LXExtension.m */; };
		247123701EAEF0EE001611B1 /* LXPlayerView.m in Sources */ = {isa = PBXBuildFile; fileRef = 2471236F1EAEF0EE001611B1 /* LXPlayerView.m */; };
		247123721EAEF162001611B1 /* AVFoundation.framework in Frameworks */ = {isa = PBXBuildFile; fileRef = 247123711EAEF162001611B1 /* AVFoundation.framework */; };
		247630B71E793BEE00E4355D /* a.jpg in Resources */ = {isa = PBXBuildFile; fileRef = 247630B61E793BEE00E4355D /* a.jpg */; };
		249794B51E762FB900E63401 /* 002@2x.png in Resources */ = {isa = PBXBuildFile; fileRef = 249794B41E762FB900E63401 /* 002@2x.png */; };
		249794B71E763C5700E63401 /* face25.png in Resources */ = {isa = PBXBuildFile; fileRef = 249794B61E763C5700E63401 /* face25.png */; };
		249ECE1E1EC03882002B4C55 /* EmoticonWeibo.bundle in Resources */ = {isa = PBXBuildFile; fileRef = 249ECE1D1EC03882002B4C55 /* EmoticonWeibo.bundle */; };
		249ECE211EC0397D002B4C55 /* LXEmotionManager.m in Sources */ = {isa = PBXBuildFile; fileRef = 249ECE201EC0397D002B4C55 /* LXEmotionManager.m */; };
		24F8BAC61EB9CBC200B07075 /* LXVideoCacheManager.m in Sources */ = {isa = PBXBuildFile; fileRef = 24F8BAB91EB9CBC200B07075 /* LXVideoCacheManager.m */; };
		24F8BAC71EB9CBC200B07075 /* LXVideoDecode.m in Sources */ = {isa = PBXBuildFile; fileRef = 24F8BABC1EB9CBC200B07075 /* LXVideoDecode.m */; };
		24F8BAC81EB9CBC200B07075 /* LXVideoDecodeManager.m in Sources */ = {isa = PBXBuildFile; fileRef = 24F8BABE1EB9CBC200B07075 /* LXVideoDecodeManager.m */; };
		24F8BAC91EB9CBC200B07075 /* LXVideoDecodeOperation.m in Sources */ = {isa = PBXBuildFile; fileRef = 24F8BAC01EB9CBC200B07075 /* LXVideoDecodeOperation.m */; };
		24F8BACA1EB9CBC200B07075 /* LXVideoDownloadManager.m in Sources */ = {isa = PBXBuildFile; fileRef = 24F8BAC31EB9CBC200B07075 /* LXVideoDownloadManager.m */; };
		24F8BACB1EB9CBC200B07075 /* LXVideoDownloadOperation.m in Sources */ = {isa = PBXBuildFile; fileRef = 24F8BAC51EB9CBC200B07075 /* LXVideoDownloadOperation.m */; };
		24F8BAD71EB9CC5A00B07075 /* LXAttributeStringParser.m in Sources */ = {isa = PBXBuildFile; fileRef = 24F8BACE1EB9CC5A00B07075 /* LXAttributeStringParser.m */; };
		24F8BAD81EB9CC5A00B07075 /* LXCalculateRectUtils.m in Sources */ = {isa = PBXBuildFile; fileRef = 24F8BAD01EB9CC5A00B07075 /* LXCalculateRectUtils.m */; };
		24F8BAD91EB9CC5A00B07075 /* LXCoretextDataManager.m in Sources */ = {isa = PBXBuildFile; fileRef = 24F8BAD21EB9CC5A00B07075 /* LXCoretextDataManager.m */; };
		24F8BADB1EB9CC5A00B07075 /* LXFrameParsesConfig.m in Sources */ = {isa = PBXBuildFile; fileRef = 24F8BAD61EB9CC5A00B07075 /* LXFrameParsesConfig.m */; };
/* End PBXBuildFile section */

/* Begin PBXContainerItemProxy section */
		245BCAF11E6FA1C500D23B28 /* PBXContainerItemProxy */ = {
			isa = PBXContainerItemProxy;
			containerPortal = 245BCACF1E6FA1C500D23B28 /* Project object */;
			proxyType = 1;
			remoteGlobalIDString = 245BCAD61E6FA1C500D23B28;
			remoteInfo = LXCoretextLean;
		};
		245BCAFC1E6FA1C500D23B28 /* PBXContainerItemProxy */ = {
			isa = PBXContainerItemProxy;
			containerPortal = 245BCACF1E6FA1C500D23B28 /* Project object */;
			proxyType = 1;
			remoteGlobalIDString = 245BCAD61E6FA1C500D23B28;
			remoteInfo = LXCoretextLean;
		};
/* End PBXContainerItemProxy section */

/* Begin PBXFileReference section */
		244BD9AF1E72404A00AA3ACD /* LXImageContent.h */ = {isa = PBXFileReference; fileEncoding = 4; lastKnownFileType = sourcecode.c.h; path = LXImageContent.h; sourceTree = "<group>"; };
		244BD9B01E72404A00AA3ACD /* LXImageContent.m */ = {isa = PBXFileReference; fileEncoding = 4; lastKnownFileType = sourcecode.c.objc; path = LXImageContent.m; sourceTree = "<group>"; };
		244BD9B11E72404A00AA3ACD /* LXNormalContent.h */ = {isa = PBXFileReference; fileEncoding = 4; lastKnownFileType = sourcecode.c.h; path = LXNormalContent.h; sourceTree = "<group>"; };
		244BD9B21E72404A00AA3ACD /* LXNormalContent.m */ = {isa = PBXFileReference; fileEncoding = 4; lastKnownFileType = sourcecode.c.objc; path = LXNormalContent.m; sourceTree = "<group>"; };
		244BD9B31E72404A00AA3ACD /* LXTextContent.h */ = {isa = PBXFileReference; fileEncoding = 4; lastKnownFileType = sourcecode.c.h; path = LXTextContent.h; sourceTree = "<group>"; };
		244BD9B41E72404A00AA3ACD /* LXTextContent.m */ = {isa = PBXFileReference; fileEncoding = 4; lastKnownFileType = sourcecode.c.objc; path = LXTextContent.m; sourceTree = "<group>"; };
		244BD9BB1E726F9400AA3ACD /* LXLinkContent.h */ = {isa = PBXFileReference; fileEncoding = 4; lastKnownFileType = sourcecode.c.h; path = LXLinkContent.h; sourceTree = "<group>"; };
		244BD9BC1E726F9400AA3ACD /* LXLinkContent.m */ = {isa = PBXFileReference; fileEncoding = 4; lastKnownFileType = sourcecode.c.objc; path = LXLinkContent.m; sourceTree = "<group>"; };
		244C364B1EB2D8FA0070D12C /* PrefixHeader.pch */ = {isa = PBXFileReference; fileEncoding = 4; lastKnownFileType = sourcecode.c.h; path = PrefixHeader.pch; sourceTree = "<group>"; };
		244D88BB1EB1838400EF692F /* MKAnnotationView+WebCache.h */ = {isa = PBXFileReference; fileEncoding = 4; lastKnownFileType = sourcecode.c.h; path = "MKAnnotationView+WebCache.h"; sourceTree = "<group>"; };
		244D88BC1EB1838400EF692F /* MKAnnotationView+WebCache.m */ = {isa = PBXFileReference; fileEncoding = 4; lastKnownFileType = sourcecode.c.objc; path = "MKAnnotationView+WebCache.m"; sourceTree = "<group>"; };
		244D88BD1EB1838400EF692F /* NSData+ImageContentType.h */ = {isa = PBXFileReference; fileEncoding = 4; lastKnownFileType = sourcecode.c.h; path = "NSData+ImageContentType.h"; sourceTree = "<group>"; };
		244D88BE1EB1838400EF692F /* NSData+ImageContentType.m */ = {isa = PBXFileReference; fileEncoding = 4; lastKnownFileType = sourcecode.c.objc; path = "NSData+ImageContentType.m"; sourceTree = "<group>"; };
		244D88BF1EB1838400EF692F /* SDImageCache.h */ = {isa = PBXFileReference; fileEncoding = 4; lastKnownFileType = sourcecode.c.h; path = SDImageCache.h; sourceTree = "<group>"; };
		244D88C01EB1838400EF692F /* SDImageCache.m */ = {isa = PBXFileReference; fileEncoding = 4; lastKnownFileType = sourcecode.c.objc; path = SDImageCache.m; sourceTree = "<group>"; };
		244D88C11EB1838400EF692F /* SDWebImageCompat.h */ = {isa = PBXFileReference; fileEncoding = 4; lastKnownFileType = sourcecode.c.h; path = SDWebImageCompat.h; sourceTree = "<group>"; };
		244D88C21EB1838400EF692F /* SDWebImageCompat.m */ = {isa = PBXFileReference; fileEncoding = 4; lastKnownFileType = sourcecode.c.objc; path = SDWebImageCompat.m; sourceTree = "<group>"; };
		244D88C31EB1838400EF692F /* SDWebImageDecoder.h */ = {isa = PBXFileReference; fileEncoding = 4; lastKnownFileType = sourcecode.c.h; path = SDWebImageDecoder.h; sourceTree = "<group>"; };
		244D88C41EB1838400EF692F /* SDWebImageDecoder.m */ = {isa = PBXFileReference; fileEncoding = 4; lastKnownFileType = sourcecode.c.objc; path = SDWebImageDecoder.m; sourceTree = "<group>"; };
		244D88C51EB1838400EF692F /* SDWebImageDownloader.h */ = {isa = PBXFileReference; fileEncoding = 4; lastKnownFileType = sourcecode.c.h; path = SDWebImageDownloader.h; sourceTree = "<group>"; };
		244D88C61EB1838400EF692F /* SDWebImageDownloader.m */ = {isa = PBXFileReference; fileEncoding = 4; lastKnownFileType = sourcecode.c.objc; path = SDWebImageDownloader.m; sourceTree = "<group>"; };
		244D88C71EB1838400EF692F /* SDWebImageDownloaderOperation.h */ = {isa = PBXFileReference; fileEncoding = 4; lastKnownFileType = sourcecode.c.h; path = SDWebImageDownloaderOperation.h; sourceTree = "<group>"; };
		244D88C81EB1838400EF692F /* SDWebImageDownloaderOperation.m */ = {isa = PBXFileReference; fileEncoding = 4; lastKnownFileType = sourcecode.c.objc; path = SDWebImageDownloaderOperation.m; sourceTree = "<group>"; };
		244D88C91EB1838400EF692F /* SDWebImageManager.h */ = {isa = PBXFileReference; fileEncoding = 4; lastKnownFileType = sourcecode.c.h; path = SDWebImageManager.h; sourceTree = "<group>"; };
		244D88CA1EB1838400EF692F /* SDWebImageManager.m */ = {isa = PBXFileReference; fileEncoding = 4; lastKnownFileType = sourcecode.c.objc; path = SDWebImageManager.m; sourceTree = "<group>"; };
		244D88CB1EB1838400EF692F /* SDWebImageOperation.h */ = {isa = PBXFileReference; fileEncoding = 4; lastKnownFileType = sourcecode.c.h; path = SDWebImageOperation.h; sourceTree = "<group>"; };
		244D88CC1EB1838400EF692F /* SDWebImagePrefetcher.h */ = {isa = PBXFileReference; fileEncoding = 4; lastKnownFileType = sourcecode.c.h; path = SDWebImagePrefetcher.h; sourceTree = "<group>"; };
		244D88CD1EB1838400EF692F /* SDWebImagePrefetcher.m */ = {isa = PBXFileReference; fileEncoding = 4; lastKnownFileType = sourcecode.c.objc; path = SDWebImagePrefetcher.m; sourceTree = "<group>"; };
		244D88CE1EB1838400EF692F /* UIButton+WebCache.h */ = {isa = PBXFileReference; fileEncoding = 4; lastKnownFileType = sourcecode.c.h; path = "UIButton+WebCache.h"; sourceTree = "<group>"; };
		244D88CF1EB1838400EF692F /* UIButton+WebCache.m */ = {isa = PBXFileReference; fileEncoding = 4; lastKnownFileType = sourcecode.c.objc; path = "UIButton+WebCache.m"; sourceTree = "<group>"; };
		244D88D01EB1838400EF692F /* UIImage+GIF.h */ = {isa = PBXFileReference; fileEncoding = 4; lastKnownFileType = sourcecode.c.h; path = "UIImage+GIF.h"; sourceTree = "<group>"; };
		244D88D11EB1838400EF692F /* UIImage+GIF.m */ = {isa = PBXFileReference; fileEncoding = 4; lastKnownFileType = sourcecode.c.objc; path = "UIImage+GIF.m"; sourceTree = "<group>"; };
		244D88D21EB1838400EF692F /* UIImage+MultiFormat.h */ = {isa = PBXFileReference; fileEncoding = 4; lastKnownFileType = sourcecode.c.h; path = "UIImage+MultiFormat.h"; sourceTree = "<group>"; };
		244D88D31EB1838400EF692F /* UIImage+MultiFormat.m */ = {isa = PBXFileReference; fileEncoding = 4; lastKnownFileType = sourcecode.c.objc; path = "UIImage+MultiFormat.m"; sourceTree = "<group>"; };
		244D88D41EB1838400EF692F /* UIImage+WebP.h */ = {isa = PBXFileReference; fileEncoding = 4; lastKnownFileType = sourcecode.c.h; path = "UIImage+WebP.h"; sourceTree = "<group>"; };
		244D88D51EB1838400EF692F /* UIImage+WebP.m */ = {isa = PBXFileReference; fileEncoding = 4; lastKnownFileType = sourcecode.c.objc; path = "UIImage+WebP.m"; sourceTree = "<group>"; };
		244D88D61EB1838400EF692F /* UIImageView+HighlightedWebCache.h */ = {isa = PBXFileReference; fileEncoding = 4; lastKnownFileType = sourcecode.c.h; path = "UIImageView+HighlightedWebCache.h"; sourceTree = "<group>"; };
		244D88D71EB1838400EF692F /* UIImageView+HighlightedWebCache.m */ = {isa = PBXFileReference; fileEncoding = 4; lastKnownFileType = sourcecode.c.objc; path = "UIImageView+HighlightedWebCache.m"; sourceTree = "<group>"; };
		244D88D81EB1838400EF692F /* UIImageView+WebCache.h */ = {isa = PBXFileReference; fileEncoding = 4; lastKnownFileType = sourcecode.c.h; path = "UIImageView+WebCache.h"; sourceTree = "<group>"; };
		244D88D91EB1838400EF692F /* UIImageView+WebCache.m */ = {isa = PBXFileReference; fileEncoding = 4; lastKnownFileType = sourcecode.c.objc; path = "UIImageView+WebCache.m"; sourceTree = "<group>"; };
		244D88DA1EB1838400EF692F /* UIView+WebCacheOperation.h */ = {isa = PBXFileReference; fileEncoding = 4; lastKnownFileType = sourcecode.c.h; path = "UIView+WebCacheOperation.h"; sourceTree = "<group>"; };
		244D88DB1EB1838400EF692F /* UIView+WebCacheOperation.m */ = {isa = PBXFileReference; fileEncoding = 4; lastKnownFileType = sourcecode.c.objc; path = "UIView+WebCacheOperation.m"; sourceTree = "<group>"; };
		244D88F81EB1C3B200EF692F /* 1.mp4 */ = {isa = PBXFileReference; lastKnownFileType = file; path = 1.mp4; sourceTree = "<group>"; };
		245BCAD71E6FA1C500D23B28 /* LXCoretextLean.app */ = {isa = PBXFileReference; explicitFileType = wrapper.application; includeInIndex = 0; path = LXCoretextLean.app; sourceTree = BUILT_PRODUCTS_DIR; };
		245BCADB1E6FA1C500D23B28 /* main.m */ = {isa = PBXFileReference; lastKnownFileType = sourcecode.c.objc; path = main.m; sourceTree = "<group>"; };
		245BCADD1E6FA1C500D23B28 /* AppDelegate.h */ = {isa = PBXFileReference; lastKnownFileType = sourcecode.c.h; path = AppDelegate.h; sourceTree = "<group>"; };
		245BCADE1E6FA1C500D23B28 /* AppDelegate.m */ = {isa = PBXFileReference; lastKnownFileType = sourcecode.c.objc; path = AppDelegate.m; sourceTree = "<group>"; };
		245BCAE01E6FA1C500D23B28 /* ViewController.h */ = {isa = PBXFileReference; lastKnownFileType = sourcecode.c.h; path = ViewController.h; sourceTree = "<group>"; };
		245BCAE11E6FA1C500D23B28 /* ViewController.m */ = {isa = PBXFileReference; lastKnownFileType = sourcecode.c.objc; path = ViewController.m; sourceTree = "<group>"; };
		245BCAE41E6FA1C500D23B28 /* Base */ = {isa = PBXFileReference; lastKnownFileType = file.storyboard; name = Base; path = Base.lproj/Main.storyboard; sourceTree = "<group>"; };
		245BCAE61E6FA1C500D23B28 /* Assets.xcassets */ = {isa = PBXFileReference; lastKnownFileType = folder.assetcatalog; path = Assets.xcassets; sourceTree = "<group>"; };
		245BCAE91E6FA1C500D23B28 /* Base */ = {isa = PBXFileReference; lastKnownFileType = file.storyboard; name = Base; path = Base.lproj/LaunchScreen.storyboard; sourceTree = "<group>"; };
		245BCAEB1E6FA1C500D23B28 /* Info.plist */ = {isa = PBXFileReference; lastKnownFileType = text.plist.xml; path = Info.plist; sourceTree = "<group>"; };
		245BCAF01E6FA1C500D23B28 /* LXCoretextLeanTests.xctest */ = {isa = PBXFileReference; explicitFileType = wrapper.cfbundle; includeInIndex = 0; path = LXCoretextLeanTests.xctest; sourceTree = BUILT_PRODUCTS_DIR; };
		245BCAF41E6FA1C500D23B28 /* LXCoretextLeanTests.m */ = {isa = PBXFileReference; lastKnownFileType = sourcecode.c.objc; path = LXCoretextLeanTests.m; sourceTree = "<group>"; };
		245BCAF61E6FA1C500D23B28 /* Info.plist */ = {isa = PBXFileReference; lastKnownFileType = text.plist.xml; path = Info.plist; sourceTree = "<group>"; };
		245BCAFB1E6FA1C500D23B28 /* LXCoretextLeanUITests.xctest */ = {isa = PBXFileReference; explicitFileType = wrapper.cfbundle; includeInIndex = 0; path = LXCoretextLeanUITests.xctest; sourceTree = BUILT_PRODUCTS_DIR; };
		245BCAFF1E6FA1C500D23B28 /* LXCoretextLeanUITests.m */ = {isa = PBXFileReference; lastKnownFileType = sourcecode.c.objc; path = LXCoretextLeanUITests.m; sourceTree = "<group>"; };
		245BCB011E6FA1C500D23B28 /* Info.plist */ = {isa = PBXFileReference; lastKnownFileType = text.plist.xml; path = Info.plist; sourceTree = "<group>"; };
		245F66C11ECED1430008EE53 /* UIImage+Tool.h */ = {isa = PBXFileReference; fileEncoding = 4; lastKnownFileType = sourcecode.c.h; path = "UIImage+Tool.h"; sourceTree = "<group>"; };
		245F66C21ECED1430008EE53 /* UIImage+Tool.m */ = {isa = PBXFileReference; fileEncoding = 4; lastKnownFileType = sourcecode.c.objc; path = "UIImage+Tool.m"; sourceTree = "<group>"; };
		246362201F1764AA00ED146E /* LXImageMode.h */ = {isa = PBXFileReference; fileEncoding = 4; lastKnownFileType = sourcecode.c.h; path = LXImageMode.h; sourceTree = "<group>"; };
		246362211F1764AA00ED146E /* LXImageMode.m */ = {isa = PBXFileReference; fileEncoding = 4; lastKnownFileType = sourcecode.c.objc; path = LXImageMode.m; sourceTree = "<group>"; };
		246362221F1764AA00ED146E /* LXLayout.h */ = {isa = PBXFileReference; fileEncoding = 4; lastKnownFileType = sourcecode.c.h; path = LXLayout.h; sourceTree = "<group>"; };
		246362231F1764AA00ED146E /* LXLayout.m */ = {isa = PBXFileReference; fileEncoding = 4; lastKnownFileType = sourcecode.c.objc; path = LXLayout.m; sourceTree = "<group>"; };
		246362251F1764AA00ED146E /* LXLabel.h */ = {isa = PBXFileReference; fileEncoding = 4; lastKnownFileType = sourcecode.c.h; path = LXLabel.h; sourceTree = "<group>"; };
		246362261F1764AA00ED146E /* LXLabel.m */ = {isa = PBXFileReference; fileEncoding = 4; lastKnownFileType = sourcecode.c.objc; path = LXLabel.m; sourceTree = "<group>"; };
		246362281F1764AA00ED146E /* LXShowImageView.h */ = {isa = PBXFileReference; fileEncoding = 4; lastKnownFileType = sourcecode.c.h; path = LXShowImageView.h; sourceTree = "<group>"; };
		246362291F1764AA00ED146E /* LXShowImageView.m */ = {isa = PBXFileReference; fileEncoding = 4; lastKnownFileType = sourcecode.c.objc; path = LXShowImageView.m; sourceTree = "<group>"; };
		2463622B1F1764AA00ED146E /* LXAnimationTransition.h */ = {isa = PBXFileReference; fileEncoding = 4; lastKnownFileType = sourcecode.c.h; path = LXAnimationTransition.h; sourceTree = "<group>"; };
		2463622C1F1764AA00ED146E /* LXAnimationTransition.m */ = {isa = PBXFileReference; fileEncoding = 4; lastKnownFileType = sourcecode.c.objc; path = LXAnimationTransition.m; sourceTree = "<group>"; };
		2463622D1F1764AA00ED146E /* LXPresentationController.h */ = {isa = PBXFileReference; fileEncoding = 4; lastKnownFileType = sourcecode.c.h; path = LXPresentationController.h; sourceTree = "<group>"; };
		2463622E1F1764AA00ED146E /* LXPresentationController.m */ = {isa = PBXFileReference; fileEncoding = 4; lastKnownFileType = sourcecode.c.objc; path = LXPresentationController.m; sourceTree = "<group>"; };
		2463622F1F1764AA00ED146E /* LXShowPictureController.h */ = {isa = PBXFileReference; fileEncoding = 4; lastKnownFileType = sourcecode.c.h; path = LXShowPictureController.h; sourceTree = "<group>"; };
		246362301F1764AA00ED146E /* LXShowPictureController.m */ = {isa = PBXFileReference; fileEncoding = 4; lastKnownFileType = sourcecode.c.objc; path = LXShowPictureController.m; sourceTree = "<group>"; };
		246362311F1764AA00ED146E /* LXTransition.h */ = {isa = PBXFileReference; fileEncoding = 4; lastKnownFileType = sourcecode.c.h; path = LXTransition.h; sourceTree = "<group>"; };
		246362321F1764AA00ED146E /* LXTransition.m */ = {isa = PBXFileReference; fileEncoding = 4; lastKnownFileType = sourcecode.c.objc; path = LXTransition.m; sourceTree = "<group>"; };
		246362331F1764AA00ED146E /* UIView+Extension.h */ = {isa = PBXFileReference; fileEncoding = 4; lastKnownFileType = sourcecode.c.h; path = "UIView+Extension.h"; sourceTree = "<group>"; };
		246362341F1764AA00ED146E /* UIView+Extension.m */ = {isa = PBXFileReference; fileEncoding = 4; lastKnownFileType = sourcecode.c.objc; path = "UIView+Extension.m"; sourceTree = "<group>"; };
		246362361F1764AA00ED146E /* LXShowPictureCell.h */ = {isa = PBXFileReference; fileEncoding = 4; lastKnownFileType = sourcecode.c.h; path = LXShowPictureCell.h; sourceTree = "<group>"; };
		246362371F1764AA00ED146E /* LXShowPictureCell.m */ = {isa = PBXFileReference; fileEncoding = 4; lastKnownFileType = sourcecode.c.objc; path = LXShowPictureCell.m; sourceTree = "<group>"; };
		246362381F1764AA00ED146E /* LXShowPictureCell.xib */ = {isa = PBXFileReference; fileEncoding = 4; lastKnownFileType = file.xib; path = LXShowPictureCell.xib; sourceTree = "<group>"; };
		246428421E8A0994006F5954 /* data.json */ = {isa = PBXFileReference; fileEncoding = 4; lastKnownFileType = text.json; path = data.json; sourceTree = "<group>"; };
		246428441E8A0B28006F5954 /* LXShowModel.h */ = {isa = PBXFileReference; fileEncoding = 4; lastKnownFileType = sourcecode.c.h; path = LXShowModel.h; sourceTree = "<group>"; };
		246428451E8A0B28006F5954 /* LXShowModel.m */ = {isa = PBXFileReference; fileEncoding = 4; lastKnownFileType = sourcecode.c.objc; path = LXShowModel.m; sourceTree = "<group>"; };
		2468202F1E8CD4FB004088B4 /* LXViewModel.h */ = {isa = PBXFileReference; fileEncoding = 4; lastKnownFileType = sourcecode.c.h; path = LXViewModel.h; sourceTree = "<group>"; };
		246820301E8CD4FB004088B4 /* LXViewModel.m */ = {isa = PBXFileReference; fileEncoding = 4; lastKnownFileType = sourcecode.c.objc; path = LXViewModel.m; sourceTree = "<group>"; };
		246820321E8CD69E004088B4 /* NSString+LXCalculateSize.h */ = {isa = PBXFileReference; fileEncoding = 4; lastKnownFileType = sourcecode.c.h; path = "NSString+LXCalculateSize.h"; sourceTree = "<group>"; };
		246820331E8CD69E004088B4 /* NSString+LXCalculateSize.m */ = {isa = PBXFileReference; fileEncoding = 4; lastKnownFileType = sourcecode.c.objc; path = "NSString+LXCalculateSize.m"; sourceTree = "<group>"; };
		246820351E8CE72E004088B4 /* LXShowTableViewCell.h */ = {isa = PBXFileReference; fileEncoding = 4; lastKnownFileType = sourcecode.c.h; path = LXShowTableViewCell.h; sourceTree = "<group>"; };
		246820361E8CE72E004088B4 /* LXShowTableViewCell.m */ = {isa = PBXFileReference; fileEncoding = 4; lastKnownFileType = sourcecode.c.objc; path = LXShowTableViewCell.m; sourceTree = "<group>"; };
		2468203A1E8CEC04004088B4 /* MJExtension.h */ = {isa = PBXFileReference; fileEncoding = 4; lastKnownFileType = sourcecode.c.h; path = MJExtension.h; sourceTree = "<group>"; };
		2468203B1E8CEC04004088B4 /* MJExtensionConst.h */ = {isa = PBXFileReference; fileEncoding = 4; lastKnownFileType = sourcecode.c.h; path = MJExtensionConst.h; sourceTree = "<group>"; };
		2468203C1E8CEC04004088B4 /* MJExtensionConst.m */ = {isa = PBXFileReference; fileEncoding = 4; lastKnownFileType = sourcecode.c.objc; path = MJExtensionConst.m; sourceTree = "<group>"; };
		2468203D1E8CEC04004088B4 /* MJFoundation.h */ = {isa = PBXFileReference; fileEncoding = 4; lastKnownFileType = sourcecode.c.h; path = MJFoundation.h; sourceTree = "<group>"; };
		2468203E1E8CEC04004088B4 /* MJFoundation.m */ = {isa = PBXFileReference; fileEncoding = 4; lastKnownFileType = sourcecode.c.objc; path = MJFoundation.m; sourceTree = "<group>"; };
		2468203F1E8CEC04004088B4 /* MJProperty.h */ = {isa = PBXFileReference; fileEncoding = 4; lastKnownFileType = sourcecode.c.h; path = MJProperty.h; sourceTree = "<group>"; };
		246820401E8CEC04004088B4 /* MJProperty.m */ = {isa = PBXFileReference; fileEncoding = 4; lastKnownFileType = sourcecode.c.objc; path = MJProperty.m; sourceTree = "<group>"; };
		246820411E8CEC04004088B4 /* MJPropertyKey.h */ = {isa = PBXFileReference; fileEncoding = 4; lastKnownFileType = sourcecode.c.h; path = MJPropertyKey.h; sourceTree = "<group>"; };
		246820421E8CEC04004088B4 /* MJPropertyKey.m */ = {isa = PBXFileReference; fileEncoding = 4; lastKnownFileType = sourcecode.c.objc; path = MJPropertyKey.m; sourceTree = "<group>"; };
		246820431E8CEC04004088B4 /* MJPropertyType.h */ = {isa = PBXFileReference; fileEncoding = 4; lastKnownFileType = sourcecode.c.h; path = MJPropertyType.h; sourceTree = "<group>"; };
		246820441E8CEC04004088B4 /* MJPropertyType.m */ = {isa = PBXFileReference; fileEncoding = 4; lastKnownFileType = sourcecode.c.objc; path = MJPropertyType.m; sourceTree = "<group>"; };
		246820451E8CEC04004088B4 /* NSObject+MJClass.h */ = {isa = PBXFileReference; fileEncoding = 4; lastKnownFileType = sourcecode.c.h; path = "NSObject+MJClass.h"; sourceTree = "<group>"; };
		246820461E8CEC04004088B4 /* NSObject+MJClass.m */ = {isa = PBXFileReference; fileEncoding = 4; lastKnownFileType = sourcecode.c.objc; path = "NSObject+MJClass.m"; sourceTree = "<group>"; };
		246820471E8CEC04004088B4 /* NSObject+MJCoding.h */ = {isa = PBXFileReference; fileEncoding = 4; lastKnownFileType = sourcecode.c.h; path = "NSObject+MJCoding.h"; sourceTree = "<group>"; };
		246820481E8CEC04004088B4 /* NSObject+MJCoding.m */ = {isa = PBXFileReference; fileEncoding = 4; lastKnownFileType = sourcecode.c.objc; path = "NSObject+MJCoding.m"; sourceTree = "<group>"; };
		246820491E8CEC04004088B4 /* NSObject+MJKeyValue.h */ = {isa = PBXFileReference; fileEncoding = 4; lastKnownFileType = sourcecode.c.h; path = "NSObject+MJKeyValue.h"; sourceTree = "<group>"; };
		2468204A1E8CEC04004088B4 /* NSObject+MJKeyValue.m */ = {isa = PBXFileReference; fileEncoding = 4; lastKnownFileType = sourcecode.c.objc; path = "NSObject+MJKeyValue.m"; sourceTree = "<group>"; };
		2468204B1E8CEC04004088B4 /* NSObject+MJProperty.h */ = {isa = PBXFileReference; fileEncoding = 4; lastKnownFileType = sourcecode.c.h; path = "NSObject+MJProperty.h"; sourceTree = "<group>"; };
		2468204C1E8CEC04004088B4 /* NSObject+MJProperty.m */ = {isa = PBXFileReference; fileEncoding = 4; lastKnownFileType = sourcecode.c.objc; path = "NSObject+MJProperty.m"; sourceTree = "<group>"; };
		2468204D1E8CEC04004088B4 /* NSString+MJExtension.h */ = {isa = PBXFileReference; fileEncoding = 4; lastKnownFileType = sourcecode.c.h; path = "NSString+MJExtension.h"; sourceTree = "<group>"; };
		2468204E1E8CEC04004088B4 /* NSString+MJExtension.m */ = {isa = PBXFileReference; fileEncoding = 4; lastKnownFileType = sourcecode.c.objc; path = "NSString+MJExtension.m"; sourceTree = "<group>"; };
		246820501E8CEC04004088B4 /* RegexKitLite.h */ = {isa = PBXFileReference; fileEncoding = 4; lastKnownFileType = sourcecode.c.h; path = RegexKitLite.h; sourceTree = "<group>"; };
		246820511E8CEC04004088B4 /* RegexKitLite.m */ = {isa = PBXFileReference; fileEncoding = 4; lastKnownFileType = sourcecode.c.objc; path = RegexKitLite.m; sourceTree = "<group>"; };
		246820621E8CF5A0004088B4 /* libicucore.tbd */ = {isa = PBXFileReference; lastKnownFileType = "sourcecode.text-based-dylib-definition"; name = libicucore.tbd; path = usr/lib/libicucore.tbd; sourceTree = SDKROOT; };
		246820641E8CFC61004088B4 /* LXAtContent.h */ = {isa = PBXFileReference; fileEncoding = 4; lastKnownFileType = sourcecode.c.h; path = LXAtContent.h; sourceTree = "<group>"; };
		246820651E8CFC61004088B4 /* LXAtContent.m */ = {isa = PBXFileReference; fileEncoding = 4; lastKnownFileType = sourcecode.c.objc; path = LXAtContent.m; sourceTree = "<group>"; };
		246FB13E1E7783F700135B2A /* UIView+LXExtension.h */ = {isa = PBXFileReference; fileEncoding = 4; lastKnownFileType = sourcecode.c.h; path = "UIView+LXExtension.h"; sourceTree = "<group>"; };
		246FB13F1E7783F700135B2A /* UIView+LXExtension.m */ = {isa = PBXFileReference; fileEncoding = 4; lastKnownFileType = sourcecode.c.objc; path = "UIView+LXExtension.m"; sourceTree = "<group>"; };
		2471236E1EAEF0EE001611B1 /* LXPlayerView.h */ = {isa = PBXFileReference; fileEncoding = 4; lastKnownFileType = sourcecode.c.h; path = LXPlayerView.h; sourceTree = "<group>"; };
		2471236F1EAEF0EE001611B1 /* LXPlayerView.m */ = {isa = PBXFileReference; fileEncoding = 4; lastKnownFileType = sourcecode.c.objc; path = LXPlayerView.m; sourceTree = "<group>"; };
		247123711EAEF162001611B1 /* AVFoundation.framework */ = {isa = PBXFileReference; lastKnownFileType = wrapper.framework; name = AVFoundation.framework; path = System/Library/Frameworks/AVFoundation.framework; sourceTree = SDKROOT; };
		247630B61E793BEE00E4355D /* a.jpg */ = {isa = PBXFileReference; lastKnownFileType = image.jpeg; path = a.jpg; sourceTree = "<group>"; };
		249794B41E762FB900E63401 /* 002@2x.png */ = {isa = PBXFileReference; lastKnownFileType = image.png; path = "002@2x.png"; sourceTree = "<group>"; };
		249794B61E763C5700E63401 /* face25.png */ = {isa = PBXFileReference; lastKnownFileType = image.png; path = face25.png; sourceTree = "<group>"; };
		249ECE1D1EC03882002B4C55 /* EmoticonWeibo.bundle */ = {isa = PBXFileReference; lastKnownFileType = "wrapper.plug-in"; path = EmoticonWeibo.bundle; sourceTree = "<group>"; };
		249ECE1F1EC0397D002B4C55 /* LXEmotionManager.h */ = {isa = PBXFileReference; fileEncoding = 4; lastKnownFileType = sourcecode.c.h; path = LXEmotionManager.h; sourceTree = "<group>"; };
		249ECE201EC0397D002B4C55 /* LXEmotionManager.m */ = {isa = PBXFileReference; fileEncoding = 4; lastKnownFileType = sourcecode.c.objc; path = LXEmotionManager.m; sourceTree = "<group>"; };
		24F8BAB81EB9CBC200B07075 /* LXVideoCacheManager.h */ = {isa = PBXFileReference; fileEncoding = 4; lastKnownFileType = sourcecode.c.h; path = LXVideoCacheManager.h; sourceTree = "<group>"; };
		24F8BAB91EB9CBC200B07075 /* LXVideoCacheManager.m */ = {isa = PBXFileReference; fileEncoding = 4; lastKnownFileType = sourcecode.c.objc; path = LXVideoCacheManager.m; sourceTree = "<group>"; };
		24F8BABB1EB9CBC200B07075 /* LXVideoDecode.h */ = {isa = PBXFileReference; fileEncoding = 4; lastKnownFileType = sourcecode.c.h; path = LXVideoDecode.h; sourceTree = "<group>"; };
		24F8BABC1EB9CBC200B07075 /* LXVideoDecode.m */ = {isa = PBXFileReference; fileEncoding = 4; lastKnownFileType = sourcecode.c.objc; path = LXVideoDecode.m; sourceTree = "<group>"; };
		24F8BABD1EB9CBC200B07075 /* LXVideoDecodeManager.h */ = {isa = PBXFileReference; fileEncoding = 4; lastKnownFileType = sourcecode.c.h; path = LXVideoDecodeManager.h; sourceTree = "<group>"; };
		24F8BABE1EB9CBC200B07075 /* LXVideoDecodeManager.m */ = {isa = PBXFileReference; fileEncoding = 4; lastKnownFileType = sourcecode.c.objc; path = LXVideoDecodeManager.m; sourceTree = "<group>"; };
		24F8BABF1EB9CBC200B07075 /* LXVideoDecodeOperation.h */ = {isa = PBXFileReference; fileEncoding = 4; lastKnownFileType = sourcecode.c.h; path = LXVideoDecodeOperation.h; sourceTree = "<group>"; };
		24F8BAC01EB9CBC200B07075 /* LXVideoDecodeOperation.m */ = {isa = PBXFileReference; fileEncoding = 4; lastKnownFileType = sourcecode.c.objc; path = LXVideoDecodeOperation.m; sourceTree = "<group>"; };
		24F8BAC21EB9CBC200B07075 /* LXVideoDownloadManager.h */ = {isa = PBXFileReference; fileEncoding = 4; lastKnownFileType = sourcecode.c.h; path = LXVideoDownloadManager.h; sourceTree = "<group>"; };
		24F8BAC31EB9CBC200B07075 /* LXVideoDownloadManager.m */ = {isa = PBXFileReference; fileEncoding = 4; lastKnownFileType = sourcecode.c.objc; path = LXVideoDownloadManager.m; sourceTree = "<group>"; };
		24F8BAC41EB9CBC200B07075 /* LXVideoDownloadOperation.h */ = {isa = PBXFileReference; fileEncoding = 4; lastKnownFileType = sourcecode.c.h; path = LXVideoDownloadOperation.h; sourceTree = "<group>"; };
		24F8BAC51EB9CBC200B07075 /* LXVideoDownloadOperation.m */ = {isa = PBXFileReference; fileEncoding = 4; lastKnownFileType = sourcecode.c.objc; path = LXVideoDownloadOperation.m; sourceTree = "<group>"; };
		24F8BACD1EB9CC5A00B07075 /* LXAttributeStringParser.h */ = {isa = PBXFileReference; fileEncoding = 4; lastKnownFileType = sourcecode.c.h; path = LXAttributeStringParser.h; sourceTree = "<group>"; };
		24F8BACE1EB9CC5A00B07075 /* LXAttributeStringParser.m */ = {isa = PBXFileReference; fileEncoding = 4; lastKnownFileType = sourcecode.c.objc; path = LXAttributeStringParser.m; sourceTree = "<group>"; };
		24F8BACF1EB9CC5A00B07075 /* LXCalculateRectUtils.h */ = {isa = PBXFileReference; fileEncoding = 4; lastKnownFileType = sourcecode.c.h; path = LXCalculateRectUtils.h; sourceTree = "<group>"; };
		24F8BAD01EB9CC5A00B07075 /* LXCalculateRectUtils.m */ = {isa = PBXFileReference; fileEncoding = 4; lastKnownFileType = sourcecode.c.objc; path = LXCalculateRectUtils.m; sourceTree = "<group>"; };
		24F8BAD11EB9CC5A00B07075 /* LXCoretextDataManager.h */ = {isa = PBXFileReference; fileEncoding = 4; lastKnownFileType = sourcecode.c.h; path = LXCoretextDataManager.h; sourceTree = "<group>"; };
		24F8BAD21EB9CC5A00B07075 /* LXCoretextDataManager.m */ = {isa = PBXFileReference; fileEncoding = 4; lastKnownFileType = sourcecode.c.objc; path = LXCoretextDataManager.m; sourceTree = "<group>"; };
		24F8BAD51EB9CC5A00B07075 /* LXFrameParsesConfig.h */ = {isa = PBXFileReference; fileEncoding = 4; lastKnownFileType = sourcecode.c.h; path = LXFrameParsesConfig.h; sourceTree = "<group>"; };
		24F8BAD61EB9CC5A00B07075 /* LXFrameParsesConfig.m */ = {isa = PBXFileReference; fileEncoding = 4; lastKnownFileType = sourcecode.c.objc; path = LXFrameParsesConfig.m; sourceTree = "<group>"; };
/* End PBXFileReference section */

/* Begin PBXFrameworksBuildPhase section */
		245BCAD41E6FA1C500D23B28 /* Frameworks */ = {
			isa = PBXFrameworksBuildPhase;
			buildActionMask = 2147483647;
			files = (
				247123721EAEF162001611B1 /* AVFoundation.framework in Frameworks */,
				246820631E8CF5A0004088B4 /* libicucore.tbd in Frameworks */,
			);
			runOnlyForDeploymentPostprocessing = 0;
		};
		245BCAED1E6FA1C500D23B28 /* Frameworks */ = {
			isa = PBXFrameworksBuildPhase;
			buildActionMask = 2147483647;
			files = (
			);
			runOnlyForDeploymentPostprocessing = 0;
		};
		245BCAF81E6FA1C500D23B28 /* Frameworks */ = {
			isa = PBXFrameworksBuildPhase;
			buildActionMask = 2147483647;
			files = (
			);
			runOnlyForDeploymentPostprocessing = 0;
		};
/* End PBXFrameworksBuildPhase section */

/* Begin PBXGroup section */
		243D9D671E6FD7A300A978E9 /* class */ = {
			isa = PBXGroup;
			children = (
				2463621F1F1764AA00ED146E /* LXLayout */,
				246362241F1764AA00ED146E /* LXShowView */,
				246362271F1764AA00ED146E /* showimage */,
				244D88F81EB1C3B200EF692F /* 1.mp4 */,
				246820381E8CEC04004088B4 /* third */,
				246FB13D1E7783F700135B2A /* category */,
				244BD9AE1E72404A00AA3ACD /* model */,
				249ECE1C1EC03856002B4C55 /* emoticon */,
				24F8BAB61EB9CBC200B07075 /* video */,
				24F8BACC1EB9CC5A00B07075 /* coretext */,
			);
			path = class;
			sourceTree = "<group>";
		};
		244BD9AE1E72404A00AA3ACD /* model */ = {
			isa = PBXGroup;
			children = (
				244BD9B11E72404A00AA3ACD /* LXNormalContent.h */,
				244BD9B21E72404A00AA3ACD /* LXNormalContent.m */,
				244BD9AF1E72404A00AA3ACD /* LXImageContent.h */,
				244BD9B01E72404A00AA3ACD /* LXImageContent.m */,
				244BD9B31E72404A00AA3ACD /* LXTextContent.h */,
				244BD9B41E72404A00AA3ACD /* LXTextContent.m */,
				244BD9BB1E726F9400AA3ACD /* LXLinkContent.h */,
				244BD9BC1E726F9400AA3ACD /* LXLinkContent.m */,
				246820641E8CFC61004088B4 /* LXAtContent.h */,
				246820651E8CFC61004088B4 /* LXAtContent.m */,
			);
			name = model;
			path = modal;
			sourceTree = "<group>";
		};
		244D88BA1EB1838400EF692F /* SDWebImage */ = {
			isa = PBXGroup;
			children = (
				244D88BB1EB1838400EF692F /* MKAnnotationView+WebCache.h */,
				244D88BC1EB1838400EF692F /* MKAnnotationView+WebCache.m */,
				244D88BD1EB1838400EF692F /* NSData+ImageContentType.h */,
				244D88BE1EB1838400EF692F /* NSData+ImageContentType.m */,
				244D88BF1EB1838400EF692F /* SDImageCache.h */,
				244D88C01EB1838400EF692F /* SDImageCache.m */,
				244D88C11EB1838400EF692F /* SDWebImageCompat.h */,
				244D88C21EB1838400EF692F /* SDWebImageCompat.m */,
				244D88C31EB1838400EF692F /* SDWebImageDecoder.h */,
				244D88C41EB1838400EF692F /* SDWebImageDecoder.m */,
				244D88C51EB1838400EF692F /* SDWebImageDownloader.h */,
				244D88C61EB1838400EF692F /* SDWebImageDownloader.m */,
				244D88C71EB1838400EF692F /* SDWebImageDownloaderOperation.h */,
				244D88C81EB1838400EF692F /* SDWebImageDownloaderOperation.m */,
				244D88C91EB1838400EF692F /* SDWebImageManager.h */,
				244D88CA1EB1838400EF692F /* SDWebImageManager.m */,
				244D88CB1EB1838400EF692F /* SDWebImageOperation.h */,
				244D88CC1EB1838400EF692F /* SDWebImagePrefetcher.h */,
				244D88CD1EB1838400EF692F /* SDWebImagePrefetcher.m */,
				244D88CE1EB1838400EF692F /* UIButton+WebCache.h */,
				244D88CF1EB1838400EF692F /* UIButton+WebCache.m */,
				244D88D01EB1838400EF692F /* UIImage+GIF.h */,
				244D88D11EB1838400EF692F /* UIImage+GIF.m */,
				244D88D21EB1838400EF692F /* UIImage+MultiFormat.h */,
				244D88D31EB1838400EF692F /* UIImage+MultiFormat.m */,
				244D88D41EB1838400EF692F /* UIImage+WebP.h */,
				244D88D51EB1838400EF692F /* UIImage+WebP.m */,
				244D88D61EB1838400EF692F /* UIImageView+HighlightedWebCache.h */,
				244D88D71EB1838400EF692F /* UIImageView+HighlightedWebCache.m */,
				244D88D81EB1838400EF692F /* UIImageView+WebCache.h */,
				244D88D91EB1838400EF692F /* UIImageView+WebCache.m */,
				244D88DA1EB1838400EF692F /* UIView+WebCacheOperation.h */,
				244D88DB1EB1838400EF692F /* UIView+WebCacheOperation.m */,
			);
			path = SDWebImage;
			sourceTree = "<group>";
		};
		245BCACE1E6FA1C500D23B28 = {
			isa = PBXGroup;
			children = (
				245BCAD91E6FA1C500D23B28 /* LXCoretextLean */,
				245BCAF31E6FA1C500D23B28 /* LXCoretextLeanTests */,
				245BCAFE1E6FA1C500D23B28 /* LXCoretextLeanUITests */,
				245BCAD81E6FA1C500D23B28 /* Products */,
				246820611E8CF59F004088B4 /* Frameworks */,
			);
			sourceTree = "<group>";
		};
		245BCAD81E6FA1C500D23B28 /* Products */ = {
			isa = PBXGroup;
			children = (
				245BCAD71E6FA1C500D23B28 /* LXCoretextLean.app */,
				245BCAF01E6FA1C500D23B28 /* LXCoretextLeanTests.xctest */,
				245BCAFB1E6FA1C500D23B28 /* LXCoretextLeanUITests.xctest */,
			);
			name = Products;
			sourceTree = "<group>";
		};
		245BCAD91E6FA1C500D23B28 /* LXCoretextLean */ = {
			isa = PBXGroup;
			children = (
				243D9D671E6FD7A300A978E9 /* class */,
				245BCADD1E6FA1C500D23B28 /* AppDelegate.h */,
				245BCADE1E6FA1C500D23B28 /* AppDelegate.m */,
				245BCAE01E6FA1C500D23B28 /* ViewController.h */,
				245BCAE11E6FA1C500D23B28 /* ViewController.m */,
				246820351E8CE72E004088B4 /* LXShowTableViewCell.h */,
				246820361E8CE72E004088B4 /* LXShowTableViewCell.m */,
				2471236E1EAEF0EE001611B1 /* LXPlayerView.h */,
				2471236F1EAEF0EE001611B1 /* LXPlayerView.m */,
				246428441E8A0B28006F5954 /* LXShowModel.h */,
				246428451E8A0B28006F5954 /* LXShowModel.m */,
				2468202F1E8CD4FB004088B4 /* LXViewModel.h */,
				246820301E8CD4FB004088B4 /* LXViewModel.m */,
				245BCAE31E6FA1C500D23B28 /* Main.storyboard */,
				245BCAE61E6FA1C500D23B28 /* Assets.xcassets */,
				245BCAE81E6FA1C500D23B28 /* LaunchScreen.storyboard */,
				245BCAEB1E6FA1C500D23B28 /* Info.plist */,
				245BCADA1E6FA1C500D23B28 /* Supporting Files */,
			);
			path = LXCoretextLean;
			sourceTree = "<group>";
		};
		245BCADA1E6FA1C500D23B28 /* Supporting Files */ = {
			isa = PBXGroup;
			children = (
				249ECE1D1EC03882002B4C55 /* EmoticonWeibo.bundle */,
				247630B61E793BEE00E4355D /* a.jpg */,
				249794B61E763C5700E63401 /* face25.png */,
				249794B41E762FB900E63401 /* 002@2x.png */,
				246428421E8A0994006F5954 /* data.json */,
				245BCADB1E6FA1C500D23B28 /* main.m */,
				244C364B1EB2D8FA0070D12C /* PrefixHeader.pch */,
			);
			name = "Supporting Files";
			sourceTree = "<group>";
		};
		245BCAF31E6FA1C500D23B28 /* LXCoretextLeanTests */ = {
			isa = PBXGroup;
			children = (
				245BCAF41E6FA1C500D23B28 /* LXCoretextLeanTests.m */,
				245BCAF61E6FA1C500D23B28 /* Info.plist */,
			);
			path = LXCoretextLeanTests;
			sourceTree = "<group>";
		};
		245BCAFE1E6FA1C500D23B28 /* LXCoretextLeanUITests */ = {
			isa = PBXGroup;
			children = (
				245BCAFF1E6FA1C500D23B28 /* LXCoretextLeanUITests.m */,
				245BCB011E6FA1C500D23B28 /* Info.plist */,
			);
			path = LXCoretextLeanUITests;
			sourceTree = "<group>";
		};
		2463621F1F1764AA00ED146E /* LXLayout */ = {
			isa = PBXGroup;
			children = (
				246362201F1764AA00ED146E /* LXImageMode.h */,
				246362211F1764AA00ED146E /* LXImageMode.m */,
				246362221F1764AA00ED146E /* LXLayout.h */,
				246362231F1764AA00ED146E /* LXLayout.m */,
			);
			path = LXLayout;
			sourceTree = "<group>";
		};
		246362241F1764AA00ED146E /* LXShowView */ = {
			isa = PBXGroup;
			children = (
				246362251F1764AA00ED146E /* LXLabel.h */,
				246362261F1764AA00ED146E /* LXLabel.m */,
			);
			path = LXShowView;
			sourceTree = "<group>";
		};
		246362271F1764AA00ED146E /* showimage */ = {
			isa = PBXGroup;
			children = (
				246362281F1764AA00ED146E /* LXShowImageView.h */,
				246362291F1764AA00ED146E /* LXShowImageView.m */,
				2463622A1F1764AA00ED146E /* modalFile */,
			);
			path = showimage;
			sourceTree = "<group>";
		};
		2463622A1F1764AA00ED146E /* modalFile */ = {
			isa = PBXGroup;
			children = (
				2463622B1F1764AA00ED146E /* LXAnimationTransition.h */,
				2463622C1F1764AA00ED146E /* LXAnimationTransition.m */,
				2463622D1F1764AA00ED146E /* LXPresentationController.h */,
				2463622E1F1764AA00ED146E /* LXPresentationController.m */,
				2463622F1F1764AA00ED146E /* LXShowPictureController.h */,
				246362301F1764AA00ED146E /* LXShowPictureController.m */,
				246362311F1764AA00ED146E /* LXTransition.h */,
				246362321F1764AA00ED146E /* LXTransition.m */,
				246362331F1764AA00ED146E /* UIView+Extension.h */,
				246362341F1764AA00ED146E /* UIView+Extension.m */,
				246362351F1764AA00ED146E /* view */,
			);
			path = modalFile;
			sourceTree = "<group>";
		};
		246362351F1764AA00ED146E /* view */ = {
			isa = PBXGroup;
			children = (
				246362361F1764AA00ED146E /* LXShowPictureCell.h */,
				246362371F1764AA00ED146E /* LXShowPictureCell.m */,
				246362381F1764AA00ED146E /* LXShowPictureCell.xib */,
			);
			path = view;
			sourceTree = "<group>";
		};
		246820381E8CEC04004088B4 /* third */ = {
			isa = PBXGroup;
			children = (
				244D88BA1EB1838400EF692F /* SDWebImage */,
				246820391E8CEC04004088B4 /* MJExtension */,
				2468204F1E8CEC04004088B4 /* RegexKit */,
			);
			path = third;
			sourceTree = "<group>";
		};
		246820391E8CEC04004088B4 /* MJExtension */ = {
			isa = PBXGroup;
			children = (
				2468203A1E8CEC04004088B4 /* MJExtension.h */,
				2468203B1E8CEC04004088B4 /* MJExtensionConst.h */,
				2468203C1E8CEC04004088B4 /* MJExtensionConst.m */,
				2468203D1E8CEC04004088B4 /* MJFoundation.h */,
				2468203E1E8CEC04004088B4 /* MJFoundation.m */,
				2468203F1E8CEC04004088B4 /* MJProperty.h */,
				246820401E8CEC04004088B4 /* MJProperty.m */,
				246820411E8CEC04004088B4 /* MJPropertyKey.h */,
				246820421E8CEC04004088B4 /* MJPropertyKey.m */,
				246820431E8CEC04004088B4 /* MJPropertyType.h */,
				246820441E8CEC04004088B4 /* MJPropertyType.m */,
				246820451E8CEC04004088B4 /* NSObject+MJClass.h */,
				246820461E8CEC04004088B4 /* NSObject+MJClass.m */,
				246820471E8CEC04004088B4 /* NSObject+MJCoding.h */,
				246820481E8CEC04004088B4 /* NSObject+MJCoding.m */,
				246820491E8CEC04004088B4 /* NSObject+MJKeyValue.h */,
				2468204A1E8CEC04004088B4 /* NSObject+MJKeyValue.m */,
				2468204B1E8CEC04004088B4 /* NSObject+MJProperty.h */,
				2468204C1E8CEC04004088B4 /* NSObject+MJProperty.m */,
				2468204D1E8CEC04004088B4 /* NSString+MJExtension.h */,
				2468204E1E8CEC04004088B4 /* NSString+MJExtension.m */,
			);
			path = MJExtension;
			sourceTree = "<group>";
		};
		2468204F1E8CEC04004088B4 /* RegexKit */ = {
			isa = PBXGroup;
			children = (
				246820501E8CEC04004088B4 /* RegexKitLite.h */,
				246820511E8CEC04004088B4 /* RegexKitLite.m */,
			);
			path = RegexKit;
			sourceTree = "<group>";
		};
		246820611E8CF59F004088B4 /* Frameworks */ = {
			isa = PBXGroup;
			children = (
				247123711EAEF162001611B1 /* AVFoundation.framework */,
				246820621E8CF5A0004088B4 /* libicucore.tbd */,
			);
			name = Frameworks;
			sourceTree = "<group>";
		};
		246FB13D1E7783F700135B2A /* category */ = {
			isa = PBXGroup;
			children = (
				246FB13E1E7783F700135B2A /* UIView+LXExtension.h */,
				246FB13F1E7783F700135B2A /* UIView+LXExtension.m */,
				246820321E8CD69E004088B4 /* NSString+LXCalculateSize.h */,
				246820331E8CD69E004088B4 /* NSString+LXCalculateSize.m */,
				245F66C11ECED1430008EE53 /* UIImage+Tool.h */,
				245F66C21ECED1430008EE53 /* UIImage+Tool.m */,
			);
			path = category;
			sourceTree = "<group>";
		};
		249ECE1C1EC03856002B4C55 /* emoticon */ = {
			isa = PBXGroup;
			children = (
				249ECE1F1EC0397D002B4C55 /* LXEmotionManager.h */,
				249ECE201EC0397D002B4C55 /* LXEmotionManager.m */,
			);
			path = emoticon;
			sourceTree = "<group>";
		};
		24F8BAB61EB9CBC200B07075 /* video */ = {
			isa = PBXGroup;
			children = (
				24F8BAB71EB9CBC200B07075 /* cache */,
				24F8BABA1EB9CBC200B07075 /* decode */,
				24F8BAC11EB9CBC200B07075 /* download */,
			);
			path = video;
			sourceTree = "<group>";
		};
		24F8BAB71EB9CBC200B07075 /* cache */ = {
			isa = PBXGroup;
			children = (
				24F8BAB81EB9CBC200B07075 /* LXVideoCacheManager.h */,
				24F8BAB91EB9CBC200B07075 /* LXVideoCacheManager.m */,
			);
			path = cache;
			sourceTree = "<group>";
		};
		24F8BABA1EB9CBC200B07075 /* decode */ = {
			isa = PBXGroup;
			children = (
				24F8BABB1EB9CBC200B07075 /* LXVideoDecode.h */,
				24F8BABC1EB9CBC200B07075 /* LXVideoDecode.m */,
				24F8BABD1EB9CBC200B07075 /* LXVideoDecodeManager.h */,
				24F8BABE1EB9CBC200B07075 /* LXVideoDecodeManager.m */,
				24F8BABF1EB9CBC200B07075 /* LXVideoDecodeOperation.h */,
				24F8BAC01EB9CBC200B07075 /* LXVideoDecodeOperation.m */,
			);
			path = decode;
			sourceTree = "<group>";
		};
		24F8BAC11EB9CBC200B07075 /* download */ = {
			isa = PBXGroup;
			children = (
				24F8BAC21EB9CBC200B07075 /* LXVideoDownloadManager.h */,
				24F8BAC31EB9CBC200B07075 /* LXVideoDownloadManager.m */,
				24F8BAC41EB9CBC200B07075 /* LXVideoDownloadOperation.h */,
				24F8BAC51EB9CBC200B07075 /* LXVideoDownloadOperation.m */,
			);
			path = download;
			sourceTree = "<group>";
		};
		24F8BACC1EB9CC5A00B07075 /* coretext */ = {
			isa = PBXGroup;
			children = (
				24F8BACD1EB9CC5A00B07075 /* LXAttributeStringParser.h */,
				24F8BACE1EB9CC5A00B07075 /* LXAttributeStringParser.m */,
				24F8BACF1EB9CC5A00B07075 /* LXCalculateRectUtils.h */,
				24F8BAD01EB9CC5A00B07075 /* LXCalculateRectUtils.m */,
				24F8BAD11EB9CC5A00B07075 /* LXCoretextDataManager.h */,
				24F8BAD21EB9CC5A00B07075 /* LXCoretextDataManager.m */,
				24F8BAD51EB9CC5A00B07075 /* LXFrameParsesConfig.h */,
				24F8BAD61EB9CC5A00B07075 /* LXFrameParsesConfig.m */,
			);
			path = coretext;
			sourceTree = "<group>";
		};
/* End PBXGroup section */

/* Begin PBXNativeTarget section */
		245BCAD61E6FA1C500D23B28 /* LXCoretextLean */ = {
			isa = PBXNativeTarget;
			buildConfigurationList = 245BCB041E6FA1C500D23B28 /* Build configuration list for PBXNativeTarget "LXCoretextLean" */;
			buildPhases = (
				245BCAD31E6FA1C500D23B28 /* Sources */,
				245BCAD41E6FA1C500D23B28 /* Frameworks */,
				245BCAD51E6FA1C500D23B28 /* Resources */,
			);
			buildRules = (
			);
			dependencies = (
			);
			name = LXCoretextLean;
			productName = LXCoretextLean;
			productReference = 245BCAD71E6FA1C500D23B28 /* LXCoretextLean.app */;
			productType = "com.apple.product-type.application";
		};
		245BCAEF1E6FA1C500D23B28 /* LXCoretextLeanTests */ = {
			isa = PBXNativeTarget;
			buildConfigurationList = 245BCB071E6FA1C500D23B28 /* Build configuration list for PBXNativeTarget "LXCoretextLeanTests" */;
			buildPhases = (
				245BCAEC1E6FA1C500D23B28 /* Sources */,
				245BCAED1E6FA1C500D23B28 /* Frameworks */,
				245BCAEE1E6FA1C500D23B28 /* Resources */,
			);
			buildRules = (
			);
			dependencies = (
				245BCAF21E6FA1C500D23B28 /* PBXTargetDependency */,
			);
			name = LXCoretextLeanTests;
			productName = LXCoretextLeanTests;
			productReference = 245BCAF01E6FA1C500D23B28 /* LXCoretextLeanTests.xctest */;
			productType = "com.apple.product-type.bundle.unit-test";
		};
		245BCAFA1E6FA1C500D23B28 /* LXCoretextLeanUITests */ = {
			isa = PBXNativeTarget;
			buildConfigurationList = 245BCB0A1E6FA1C500D23B28 /* Build configuration list for PBXNativeTarget "LXCoretextLeanUITests" */;
			buildPhases = (
				245BCAF71E6FA1C500D23B28 /* Sources */,
				245BCAF81E6FA1C500D23B28 /* Frameworks */,
				245BCAF91E6FA1C500D23B28 /* Resources */,
			);
			buildRules = (
			);
			dependencies = (
				245BCAFD1E6FA1C500D23B28 /* PBXTargetDependency */,
			);
			name = LXCoretextLeanUITests;
			productName = LXCoretextLeanUITests;
			productReference = 245BCAFB1E6FA1C500D23B28 /* LXCoretextLeanUITests.xctest */;
			productType = "com.apple.product-type.bundle.ui-testing";
		};
/* End PBXNativeTarget section */

/* Begin PBXProject section */
		245BCACF1E6FA1C500D23B28 /* Project object */ = {
			isa = PBXProject;
			attributes = {
				LastUpgradeCheck = 0820;
				ORGANIZATIONNAME = tang;
				TargetAttributes = {
					245BCAD61E6FA1C500D23B28 = {
						CreatedOnToolsVersion = 8.2;
						DevelopmentTeam = JEW2BKZ82M;
						ProvisioningStyle = Automatic;
					};
					245BCAEF1E6FA1C500D23B28 = {
						CreatedOnToolsVersion = 8.2;
						ProvisioningStyle = Automatic;
						TestTargetID = 245BCAD61E6FA1C500D23B28;
					};
					245BCAFA1E6FA1C500D23B28 = {
						CreatedOnToolsVersion = 8.2;
						ProvisioningStyle = Automatic;
						TestTargetID = 245BCAD61E6FA1C500D23B28;
					};
				};
			};
			buildConfigurationList = 245BCAD21E6FA1C500D23B28 /* Build configuration list for PBXProject "LXCoretextLean" */;
			compatibilityVersion = "Xcode 3.2";
			developmentRegion = English;
			hasScannedForEncodings = 0;
			knownRegions = (
				en,
				Base,
			);
			mainGroup = 245BCACE1E6FA1C500D23B28;
			productRefGroup = 245BCAD81E6FA1C500D23B28 /* Products */;
			projectDirPath = "";
			projectRoot = "";
			targets = (
				245BCAD61E6FA1C500D23B28 /* LXCoretextLean */,
				245BCAEF1E6FA1C500D23B28 /* LXCoretextLeanTests */,
				245BCAFA1E6FA1C500D23B28 /* LXCoretextLeanUITests */,
			);
		};
/* End PBXProject section */

/* Begin PBXResourcesBuildPhase section */
		245BCAD51E6FA1C500D23B28 /* Resources */ = {
			isa = PBXResourcesBuildPhase;
			buildActionMask = 2147483647;
			files = (
				244D88F91EB1C42A00EF692F /* 1.mp4 in Resources */,
				245BCAEA1E6FA1C500D23B28 /* LaunchScreen.storyboard in Resources */,
				249ECE1E1EC03882002B4C55 /* EmoticonWeibo.bundle in Resources */,
				246428431E8A0994006F5954 /* data.json in Resources */,
				245BCAE71E6FA1C500D23B28 /* Assets.xcassets in Resources */,
				246362431F1764AA00ED146E /* LXShowPictureCell.xib in Resources */,
				249794B71E763C5700E63401 /* face25.png in Resources */,
				245BCAE51E6FA1C500D23B28 /* Main.storyboard in Resources */,
				247630B71E793BEE00E4355D /* a.jpg in Resources */,
				249794B51E762FB900E63401 /* 002@2x.png in Resources */,
			);
			runOnlyForDeploymentPostprocessing = 0;
		};
		245BCAEE1E6FA1C500D23B28 /* Resources */ = {
			isa = PBXResourcesBuildPhase;
			buildActionMask = 2147483647;
			files = (
			);
			runOnlyForDeploymentPostprocessing = 0;
		};
		245BCAF91E6FA1C500D23B28 /* Resources */ = {
			isa = PBXResourcesBuildPhase;
			buildActionMask = 2147483647;
			files = (
			);
			runOnlyForDeploymentPostprocessing = 0;
		};
/* End PBXResourcesBuildPhase section */

/* Begin PBXSourcesBuildPhase section */
		245BCAD31E6FA1C500D23B28 /* Sources */ = {
			isa = PBXSourcesBuildPhase;
			buildActionMask = 2147483647;
			files = (
				246362391F1764AA00ED146E /* LXImageMode.m in Sources */,
				246FB1401E7783F700135B2A /* UIView+LXExtension.m in Sources */,
				2468205C1E8CEC04004088B4 /* RegexKitLite.m in Sources */,
				246820551E8CEC04004088B4 /* MJPropertyKey.m in Sources */,
				246820591E8CEC04004088B4 /* NSObject+MJKeyValue.m in Sources */,
				246820341E8CD69E004088B4 /* NSString+LXCalculateSize.m in Sources */,
				246820311E8CD4FB004088B4 /* LXViewModel.m in Sources */,
				2463623D1F1764AA00ED146E /* LXAnimationTransition.m in Sources */,
				246820531E8CEC04004088B4 /* MJFoundation.m in Sources */,
				2463623B1F1764AA00ED146E /* LXLabel.m in Sources */,
				24F8BAC81EB9CBC200B07075 /* LXVideoDecodeManager.m in Sources */,
				246362421F1764AA00ED146E /* LXShowPictureCell.m in Sources */,
				2463623A1F1764AA00ED146E /* LXLayout.m in Sources */,
				244BD9B61E72404A00AA3ACD /* LXNormalContent.m in Sources */,
				247123701EAEF0EE001611B1 /* LXPlayerView.m in Sources */,
				2463623C1F1764AA00ED146E /* LXShowImageView.m in Sources */,
				245BCAE21E6FA1C500D23B28 /* ViewController.m in Sources */,
				24F8BAC61EB9CBC200B07075 /* LXVideoCacheManager.m in Sources */,
				24F8BAC71EB9CBC200B07075 /* LXVideoDecode.m in Sources */,
				244D88EB1EB1838400EF692F /* UIView+WebCacheOperation.m in Sources */,
				244D88E01EB1838400EF692F /* SDWebImageDecoder.m in Sources */,
				24F8BAD71EB9CC5A00B07075 /* LXAttributeStringParser.m in Sources */,
				244D88E31EB1838400EF692F /* SDWebImageManager.m in Sources */,
				246428461E8A0B28006F5954 /* LXShowModel.m in Sources */,
				245BCADF1E6FA1C500D23B28 /* AppDelegate.m in Sources */,
				244D88E91EB1838400EF692F /* UIImageView+HighlightedWebCache.m in Sources */,
				2463623E1F1764AA00ED146E /* LXPresentationController.m in Sources */,
				244D88E61EB1838400EF692F /* UIImage+GIF.m in Sources */,
				246820521E8CEC04004088B4 /* MJExtensionConst.m in Sources */,
				24F8BACB1EB9CBC200B07075 /* LXVideoDownloadOperation.m in Sources */,
				246820371E8CE72E004088B4 /* LXShowTableViewCell.m in Sources */,
				246362401F1764AA00ED146E /* LXTransition.m in Sources */,
				245F66C31ECED1430008EE53 /* UIImage+Tool.m in Sources */,
				244D88DE1EB1838400EF692F /* SDImageCache.m in Sources */,
				244D88DC1EB1838400EF692F /* MKAnnotationView+WebCache.m in Sources */,
				244D88E21EB1838400EF692F /* SDWebImageDownloaderOperation.m in Sources */,
				246820581E8CEC04004088B4 /* NSObject+MJCoding.m in Sources */,
				244BD9B51E72404A00AA3ACD /* LXImageContent.m in Sources */,
				244D88E51EB1838400EF692F /* UIButton+WebCache.m in Sources */,
				244D88E11EB1838400EF692F /* SDWebImageDownloader.m in Sources */,
				244D88DD1EB1838400EF692F /* NSData+ImageContentType.m in Sources */,
				245BCADC1E6FA1C500D23B28 /* main.m in Sources */,
				24F8BAC91EB9CBC200B07075 /* LXVideoDecodeOperation.m in Sources */,
				2463623F1F1764AA00ED146E /* LXShowPictureController.m in Sources */,
				246820661E8CFC61004088B4 /* LXAtContent.m in Sources */,
				244D88E81EB1838400EF692F /* UIImage+WebP.m in Sources */,
				2468205A1E8CEC04004088B4 /* NSObject+MJProperty.m in Sources */,
				24F8BAD81EB9CC5A00B07075 /* LXCalculateRectUtils.m in Sources */,
				246820541E8CEC04004088B4 /* MJProperty.m in Sources */,
				244D88E41EB1838400EF692F /* SDWebImagePrefetcher.m in Sources */,
				244D88E71EB1838400EF692F /* UIImage+MultiFormat.m in Sources */,
				246362411F1764AA00ED146E /* UIView+Extension.m in Sources */,
				24F8BACA1EB9CBC200B07075 /* LXVideoDownloadManager.m in Sources */,
				244D88DF1EB1838400EF692F /* SDWebImageCompat.m in Sources */,
				244BD9B71E72404A00AA3ACD /* LXTextContent.m in Sources */,
				2468205B1E8CEC04004088B4 /* NSString+MJExtension.m in Sources */,
				24F8BAD91EB9CC5A00B07075 /* LXCoretextDataManager.m in Sources */,
				24F8BADB1EB9CC5A00B07075 /* LXFrameParsesConfig.m in Sources */,
				246820571E8CEC04004088B4 /* NSObject+MJClass.m in Sources */,
				244D88EA1EB1838400EF692F /* UIImageView+WebCache.m in Sources */,
				246820561E8CEC04004088B4 /* MJPropertyType.m in Sources */,
				244BD9BD1E726F9400AA3ACD /* LXLinkContent.m in Sources */,
				249ECE211EC0397D002B4C55 /* LXEmotionManager.m in Sources */,
			);
			runOnlyForDeploymentPostprocessing = 0;
		};
		245BCAEC1E6FA1C500D23B28 /* Sources */ = {
			isa = PBXSourcesBuildPhase;
			buildActionMask = 2147483647;
			files = (
				245BCAF51E6FA1C500D23B28 /* LXCoretextLeanTests.m in Sources */,
			);
			runOnlyForDeploymentPostprocessing = 0;
		};
		245BCAF71E6FA1C500D23B28 /* Sources */ = {
			isa = PBXSourcesBuildPhase;
			buildActionMask = 2147483647;
			files = (
				245BCB001E6FA1C500D23B28 /* LXCoretextLeanUITests.m in Sources */,
			);
			runOnlyForDeploymentPostprocessing = 0;
		};
/* End PBXSourcesBuildPhase section */

/* Begin PBXTargetDependency section */
		245BCAF21E6FA1C500D23B28 /* PBXTargetDependency */ = {
			isa = PBXTargetDependency;
			target = 245BCAD61E6FA1C500D23B28 /* LXCoretextLean */;
			targetProxy = 245BCAF11E6FA1C500D23B28 /* PBXContainerItemProxy */;
		};
		245BCAFD1E6FA1C500D23B28 /* PBXTargetDependency */ = {
			isa = PBXTargetDependency;
			target = 245BCAD61E6FA1C500D23B28 /* LXCoretextLean */;
			targetProxy = 245BCAFC1E6FA1C500D23B28 /* PBXContainerItemProxy */;
		};
/* End PBXTargetDependency section */

/* Begin PBXVariantGroup section */
		245BCAE31E6FA1C500D23B28 /* Main.storyboard */ = {
			isa = PBXVariantGroup;
			children = (
				245BCAE41E6FA1C500D23B28 /* Base */,
			);
			name = Main.storyboard;
			sourceTree = "<group>";
		};
		245BCAE81E6FA1C500D23B28 /* LaunchScreen.storyboard */ = {
			isa = PBXVariantGroup;
			children = (
				245BCAE91E6FA1C500D23B28 /* Base */,
			);
			name = LaunchScreen.storyboard;
			sourceTree = "<group>";
		};
/* End PBXVariantGroup section */

/* Begin XCBuildConfiguration section */
		245BCB021E6FA1C500D23B28 /* Debug */ = {
			isa = XCBuildConfiguration;
			buildSettings = {
				ALWAYS_SEARCH_USER_PATHS = NO;
				CLANG_ANALYZER_NONNULL = YES;
				CLANG_CXX_LANGUAGE_STANDARD = "gnu++0x";
				CLANG_CXX_LIBRARY = "libc++";
				CLANG_ENABLE_MODULES = YES;
				CLANG_ENABLE_OBJC_ARC = YES;
				CLANG_WARN_BOOL_CONVERSION = YES;
				CLANG_WARN_CONSTANT_CONVERSION = YES;
				CLANG_WARN_DIRECT_OBJC_ISA_USAGE = YES_ERROR;
				CLANG_WARN_DOCUMENTATION_COMMENTS = YES;
				CLANG_WARN_EMPTY_BODY = YES;
				CLANG_WARN_ENUM_CONVERSION = YES;
				CLANG_WARN_INFINITE_RECURSION = YES;
				CLANG_WARN_INT_CONVERSION = YES;
				CLANG_WARN_OBJC_ROOT_CLASS = YES_ERROR;
				CLANG_WARN_SUSPICIOUS_MOVE = YES;
				CLANG_WARN_UNREACHABLE_CODE = YES;
				CLANG_WARN__DUPLICATE_METHOD_MATCH = YES;
				"CODE_SIGN_IDENTITY[sdk=iphoneos*]" = "iPhone Developer";
				COPY_PHASE_STRIP = NO;
				DEBUG_INFORMATION_FORMAT = dwarf;
				ENABLE_STRICT_OBJC_MSGSEND = YES;
				ENABLE_TESTABILITY = YES;
				GCC_C_LANGUAGE_STANDARD = gnu99;
				GCC_DYNAMIC_NO_PIC = NO;
				GCC_NO_COMMON_BLOCKS = YES;
				GCC_OPTIMIZATION_LEVEL = 0;
				GCC_PREPROCESSOR_DEFINITIONS = (
					"DEBUG=1",
					"$(inherited)",
				);
				GCC_WARN_64_TO_32_BIT_CONVERSION = YES;
				GCC_WARN_ABOUT_RETURN_TYPE = YES_ERROR;
				GCC_WARN_UNDECLARED_SELECTOR = YES;
				GCC_WARN_UNINITIALIZED_AUTOS = YES_AGGRESSIVE;
				GCC_WARN_UNUSED_FUNCTION = YES;
				GCC_WARN_UNUSED_VARIABLE = YES;
				IPHONEOS_DEPLOYMENT_TARGET = 10.2;
				MTL_ENABLE_DEBUG_INFO = YES;
				ONLY_ACTIVE_ARCH = YES;
				SDKROOT = iphoneos;
				TARGETED_DEVICE_FAMILY = "1,2";
			};
			name = Debug;
		};
		245BCB031E6FA1C500D23B28 /* Release */ = {
			isa = XCBuildConfiguration;
			buildSettings = {
				ALWAYS_SEARCH_USER_PATHS = NO;
				CLANG_ANALYZER_NONNULL = YES;
				CLANG_CXX_LANGUAGE_STANDARD = "gnu++0x";
				CLANG_CXX_LIBRARY = "libc++";
				CLANG_ENABLE_MODULES = YES;
				CLANG_ENABLE_OBJC_ARC = YES;
				CLANG_WARN_BOOL_CONVERSION = YES;
				CLANG_WARN_CONSTANT_CONVERSION = YES;
				CLANG_WARN_DIRECT_OBJC_ISA_USAGE = YES_ERROR;
				CLANG_WARN_DOCUMENTATION_COMMENTS = YES;
				CLANG_WARN_EMPTY_BODY = YES;
				CLANG_WARN_ENUM_CONVERSION = YES;
				CLANG_WARN_INFINITE_RECURSION = YES;
				CLANG_WARN_INT_CONVERSION = YES;
				CLANG_WARN_OBJC_ROOT_CLASS = YES_ERROR;
				CLANG_WARN_SUSPICIOUS_MOVE = YES;
				CLANG_WARN_UNREACHABLE_CODE = YES;
				CLANG_WARN__DUPLICATE_METHOD_MATCH = YES;
				"CODE_SIGN_IDENTITY[sdk=iphoneos*]" = "iPhone Developer";
				COPY_PHASE_STRIP = NO;
				DEBUG_INFORMATION_FORMAT = "dwarf-with-dsym";
				ENABLE_NS_ASSERTIONS = NO;
				ENABLE_STRICT_OBJC_MSGSEND = YES;
				GCC_C_LANGUAGE_STANDARD = gnu99;
				GCC_NO_COMMON_BLOCKS = YES;
				GCC_WARN_64_TO_32_BIT_CONVERSION = YES;
				GCC_WARN_ABOUT_RETURN_TYPE = YES_ERROR;
				GCC_WARN_UNDECLARED_SELECTOR = YES;
				GCC_WARN_UNINITIALIZED_AUTOS = YES_AGGRESSIVE;
				GCC_WARN_UNUSED_FUNCTION = YES;
				GCC_WARN_UNUSED_VARIABLE = YES;
				IPHONEOS_DEPLOYMENT_TARGET = 10.2;
				MTL_ENABLE_DEBUG_INFO = NO;
				SDKROOT = iphoneos;
				TARGETED_DEVICE_FAMILY = "1,2";
				VALIDATE_PRODUCT = YES;
			};
			name = Release;
		};
		245BCB051E6FA1C500D23B28 /* Debug */ = {
			isa = XCBuildConfiguration;
			buildSettings = {
				ASSETCATALOG_COMPILER_APPICON_NAME = AppIcon;
				DEVELOPMENT_TEAM = JEW2BKZ82M;
				GCC_PREFIX_HEADER = $PROJECT_NAME/PrefixHeader.pch;
				INFOPLIST_FILE = LXCoretextLean/Info.plist;
				IPHONEOS_DEPLOYMENT_TARGET = 8.0;
				LD_RUNPATH_SEARCH_PATHS = "$(inherited) @executable_path/Frameworks";
				PRODUCT_BUNDLE_IDENTIFIER = tb.LXCoretextLean;
				PRODUCT_NAME = "$(TARGET_NAME)";
			};
			name = Debug;
		};
		245BCB061E6FA1C500D23B28 /* Release */ = {
			isa = XCBuildConfiguration;
			buildSettings = {
				ASSETCATALOG_COMPILER_APPICON_NAME = AppIcon;
				DEVELOPMENT_TEAM = JEW2BKZ82M;
				GCC_PREFIX_HEADER = $PROJECT_NAME/PrefixHeader.pch;
				INFOPLIST_FILE = LXCoretextLean/Info.plist;
				IPHONEOS_DEPLOYMENT_TARGET = 8.0;
				LD_RUNPATH_SEARCH_PATHS = "$(inherited) @executable_path/Frameworks";
				PRODUCT_BUNDLE_IDENTIFIER = tb.LXCoretextLean;
				PRODUCT_NAME = "$(TARGET_NAME)";
			};
			name = Release;
		};
		245BCB081E6FA1C500D23B28 /* Debug */ = {
			isa = XCBuildConfiguration;
			buildSettings = {
				BUNDLE_LOADER = "$(TEST_HOST)";
				INFOPLIST_FILE = LXCoretextLeanTests/Info.plist;
				LD_RUNPATH_SEARCH_PATHS = "$(inherited) @executable_path/Frameworks @loader_path/Frameworks";
				PRODUCT_BUNDLE_IDENTIFIER = tb.LXCoretextLeanTests;
				PRODUCT_NAME = "$(TARGET_NAME)";
				TEST_HOST = "$(BUILT_PRODUCTS_DIR)/LXCoretextLean.app/LXCoretextLean";
			};
			name = Debug;
		};
		245BCB091E6FA1C500D23B28 /* Release */ = {
			isa = XCBuildConfiguration;
			buildSettings = {
				BUNDLE_LOADER = "$(TEST_HOST)";
				INFOPLIST_FILE = LXCoretextLeanTests/Info.plist;
				LD_RUNPATH_SEARCH_PATHS = "$(inherited) @executable_path/Frameworks @loader_path/Frameworks";
				PRODUCT_BUNDLE_IDENTIFIER = tb.LXCoretextLeanTests;
				PRODUCT_NAME = "$(TARGET_NAME)";
				TEST_HOST = "$(BUILT_PRODUCTS_DIR)/LXCoretextLean.app/LXCoretextLean";
			};
			name = Release;
		};
		245BCB0B1E6FA1C500D23B28 /* Debug */ = {
			isa = XCBuildConfiguration;
			buildSettings = {
				INFOPLIST_FILE = LXCoretextLeanUITests/Info.plist;
				LD_RUNPATH_SEARCH_PATHS = "$(inherited) @executable_path/Frameworks @loader_path/Frameworks";
				PRODUCT_BUNDLE_IDENTIFIER = tb.LXCoretextLeanUITests;
				PRODUCT_NAME = "$(TARGET_NAME)";
				TEST_TARGET_NAME = LXCoretextLean;
			};
			name = Debug;
		};
		245BCB0C1E6FA1C500D23B28 /* Release */ = {
			isa = XCBuildConfiguration;
			buildSettings = {
				INFOPLIST_FILE = LXCoretextLeanUITests/Info.plist;
				LD_RUNPATH_SEARCH_PATHS = "$(inherited) @executable_path/Frameworks @loader_path/Frameworks";
				PRODUCT_BUNDLE_IDENTIFIER = tb.LXCoretextLeanUITests;
				PRODUCT_NAME = "$(TARGET_NAME)";
				TEST_TARGET_NAME = LXCoretextLean;
			};
			name = Release;
		};
/* End XCBuildConfiguration section */

/* Begin XCConfigurationList section */
		245BCAD21E6FA1C500D23B28 /* Build configuration list for PBXProject "LXCoretextLean" */ = {
			isa = XCConfigurationList;
			buildConfigurations = (
				245BCB021E6FA1C500D23B28 /* Debug */,
				245BCB031E6FA1C500D23B28 /* Release */,
			);
			defaultConfigurationIsVisible = 0;
			defaultConfigurationName = Release;
		};
		245BCB041E6FA1C500D23B28 /* Build configuration list for PBXNativeTarget "LXCoretextLean" */ = {
			isa = XCConfigurationList;
			buildConfigurations = (
				245BCB051E6FA1C500D23B28 /* Debug */,
				245BCB061E6FA1C500D23B28 /* Release */,
			);
			defaultConfigurationIsVisible = 0;
			defaultConfigurationName = Release;
		};
		245BCB071E6FA1C500D23B28 /* Build configuration list for PBXNativeTarget "LXCoretextLeanTests" */ = {
			isa = XCConfigurationList;
			buildConfigurations = (
				245BCB081E6FA1C500D23B28 /* Debug */,
				245BCB091E6FA1C500D23B28 /* Release */,
			);
			defaultConfigurationIsVisible = 0;
			defaultConfigurationName = Release;
		};
		245BCB0A1E6FA1C500D23B28 /* Build configuration list for PBXNativeTarget "LXCoretextLeanUITests" */ = {
			isa = XCConfigurationList;
			buildConfigurations = (
				245BCB0B1E6FA1C500D23B28 /* Debug */,
				245BCB0C1E6FA1C500D23B28 /* Release */,
			);
			defaultConfigurationIsVisible = 0;
			defaultConfigurationName = Release;
		};
/* End XCConfigurationList section */
	};
	rootObject = 245BCACF1E6FA1C500D23B28 /* Project object */;
}
